<Solution>
  <Project Path="ExcelImportExport.Tests/ExcelImportExport.Tests.csproj" />
  <Project Path="ExcelImportExport/ExcelImportExport.csproj" />
  <Project Path="SpotAnalysis.Services/SpotAnalysis.Services.csproj" />
  <Project Path="SpotAnalysis.Web/SpotAnalysis.Web.csproj" Id="a30fe9d9-579b-4b76-980d-b5aea0cd3a54" />
</Solution>
